
Microsoft Visual Studio Solution File, Format Version 12.00
# Visual Studio Version 17
VisualStudioVersion = 17.3.32811.315
MinimumVisualStudioVersion = 10.0.40219.1
Project("{8BC9CEB8-8B4A-11D0-8D11-00A0C91BC942}") = "4.2a.1", "4.2a.1\4.2a.1.vcxproj", "{176094DF-84F0-40A8-B966-503F4C929571}"
EndProject
Global
	GlobalSection(SolutionConfigurationPlatforms) = preSolution
		Debug|x64 = Debug|x64
		Debug|x86 = Debug|x86
		Release|x64 = Release|x64
		Release|x86 = Release|x86
	EndGlobalSection
	GlobalSection(ProjectConfigurationPlatforms) = postSolution
		{176094DF-84F0-40A8-B966-503F4C929571}.Debug|x64.ActiveCfg = Debug|x64
		{176094DF-84F0-40A8-B966-503F4C929571}.Debug|x64.Build.0 = Debug|x64
		{176094DF-84F0-40A8-B966-503F4C929571}.Debug|x86.ActiveCfg = Debug|Win32
		{176094DF-84F0-40A8-B966-503F4C929571}.Debug|x86.Build.0 = Debug|Win32
		{176094DF-84F0-40A8-B966-503F4C929571}.Release|x64.ActiveCfg = Release|x64
		{176094DF-84F0-40A8-B966-503F4C929571}.Release|x64.Build.0 = Release|x64
		{176094DF-84F0-40A8-B966-503F4C929571}.Release|x86.ActiveCfg = Release|Win32
		{176094DF-84F0-40A8-B966-503F4C929571}.Release|x86.Build.0 = Release|Win32
	EndGlobalSection
	GlobalSection(SolutionProperties) = preSolution
		HideSolutionNode = FALSE
	EndGlobalSection
	GlobalSection(ExtensibilityGlobals) = postSolution
		SolutionGuid = {BE310C12-FDCE-4D55-880C-25C0E0BDD7ED}
	EndGlobalSection
EndGlobal
