
Microsoft Visual Studio Solution File, Format Version 12.00
# Visual Studio Version 17
VisualStudioVersion = 17.3.32811.315
MinimumVisualStudioVersion = 10.0.40219.1
Project("{8BC9CEB8-8B4A-11D0-8D11-00A0C91BC942}") = "2.3.1 test2", "2.3.1 test2\2.3.1 test2.vcxproj", "{246D7654-BF26-48FC-837F-028F3EA0EEC3}"
EndProject
Project("{8BC9CEB8-8B4A-11D0-8D11-00A0C91BC942}") = "2.3.1 test1", "2.3.1 test1\2.3.1 test1.vcxproj", "{9EEEDAC4-9574-41F6-B4F0-FBDB52C3DD40}"
EndProject
Project("{8BC9CEB8-8B4A-11D0-8D11-00A0C91BC942}") = "2.3.2", "2.3.2\2.3.2.vcxproj", "{A8B7888D-928F-4D44-B2F8-14F1C0EA97CA}"
EndProject
Project("{8BC9CEB8-8B4A-11D0-8D11-00A0C91BC942}") = "2.3.3", "2.3.3\2.3.3.vcxproj", "{C87601B7-92A8-4418-B6B8-29BD21871BB7}"
EndProject
Project("{8BC9CEB8-8B4A-11D0-8D11-00A0C91BC942}") = "2.3.4", "2.3.4\2.3.4.vcxproj", "{2E636C66-AAF6-4509-B030-91CAC5365D77}"
EndProject
Project("{8BC9CEB8-8B4A-11D0-8D11-00A0C91BC942}") = "2.3.5", "2.3.5\2.3.5.vcxproj", "{26420B4F-7FEA-417B-9489-2F8A6BE56930}"
EndProject
Project("{8BC9CEB8-8B4A-11D0-8D11-00A0C91BC942}") = "2.3.6", "2.3.6\2.3.6.vcxproj", "{198AF56C-8B56-4D2B-8A44-396FE5B36C2C}"
EndProject
Project("{8BC9CEB8-8B4A-11D0-8D11-00A0C91BC942}") = "2.3.7", "2.3.7\2.3.7.vcxproj", "{C4ECE332-F8BB-4D4F-B06D-442BBB7C283B}"
EndProject
Global
	GlobalSection(SolutionConfigurationPlatforms) = preSolution
		Debug|x64 = Debug|x64
		Debug|x86 = Debug|x86
		Release|x64 = Release|x64
		Release|x86 = Release|x86
	EndGlobalSection
	GlobalSection(ProjectConfigurationPlatforms) = postSolution
		{246D7654-BF26-48FC-837F-028F3EA0EEC3}.Debug|x64.ActiveCfg = Debug|x64
		{246D7654-BF26-48FC-837F-028F3EA0EEC3}.Debug|x64.Build.0 = Debug|x64
		{246D7654-BF26-48FC-837F-028F3EA0EEC3}.Debug|x86.ActiveCfg = Debug|Win32
		{246D7654-BF26-48FC-837F-028F3EA0EEC3}.Debug|x86.Build.0 = Debug|Win32
		{246D7654-BF26-48FC-837F-028F3EA0EEC3}.Release|x64.ActiveCfg = Release|x64
		{246D7654-BF26-48FC-837F-028F3EA0EEC3}.Release|x64.Build.0 = Release|x64
		{246D7654-BF26-48FC-837F-028F3EA0EEC3}.Release|x86.ActiveCfg = Release|Win32
		{246D7654-BF26-48FC-837F-028F3EA0EEC3}.Release|x86.Build.0 = Release|Win32
		{9EEEDAC4-9574-41F6-B4F0-FBDB52C3DD40}.Debug|x64.ActiveCfg = Debug|x64
		{9EEEDAC4-9574-41F6-B4F0-FBDB52C3DD40}.Debug|x64.Build.0 = Debug|x64
		{9EEEDAC4-9574-41F6-B4F0-FBDB52C3DD40}.Debug|x86.ActiveCfg = Debug|Win32
		{9EEEDAC4-9574-41F6-B4F0-FBDB52C3DD40}.Debug|x86.Build.0 = Debug|Win32
		{9EEEDAC4-9574-41F6-B4F0-FBDB52C3DD40}.Release|x64.ActiveCfg = Release|x64
		{9EEEDAC4-9574-41F6-B4F0-FBDB52C3DD40}.Release|x64.Build.0 = Release|x64
		{9EEEDAC4-9574-41F6-B4F0-FBDB52C3DD40}.Release|x86.ActiveCfg = Release|Win32
		{9EEEDAC4-9574-41F6-B4F0-FBDB52C3DD40}.Release|x86.Build.0 = Release|Win32
		{A8B7888D-928F-4D44-B2F8-14F1C0EA97CA}.Debug|x64.ActiveCfg = Debug|x64
		{A8B7888D-928F-4D44-B2F8-14F1C0EA97CA}.Debug|x64.Build.0 = Debug|x64
		{A8B7888D-928F-4D44-B2F8-14F1C0EA97CA}.Debug|x86.ActiveCfg = Debug|Win32
		{A8B7888D-928F-4D44-B2F8-14F1C0EA97CA}.Debug|x86.Build.0 = Debug|Win32
		{A8B7888D-928F-4D44-B2F8-14F1C0EA97CA}.Release|x64.ActiveCfg = Release|x64
		{A8B7888D-928F-4D44-B2F8-14F1C0EA97CA}.Release|x64.Build.0 = Release|x64
		{A8B7888D-928F-4D44-B2F8-14F1C0EA97CA}.Release|x86.ActiveCfg = Release|Win32
		{A8B7888D-928F-4D44-B2F8-14F1C0EA97CA}.Release|x86.Build.0 = Release|Win32
		{C87601B7-92A8-4418-B6B8-29BD21871BB7}.Debug|x64.ActiveCfg = Debug|x64
		{C87601B7-92A8-4418-B6B8-29BD21871BB7}.Debug|x64.Build.0 = Debug|x64
		{C87601B7-92A8-4418-B6B8-29BD21871BB7}.Debug|x86.ActiveCfg = Debug|Win32
		{C87601B7-92A8-4418-B6B8-29BD21871BB7}.Debug|x86.Build.0 = Debug|Win32
		{C87601B7-92A8-4418-B6B8-29BD21871BB7}.Release|x64.ActiveCfg = Release|x64
		{C87601B7-92A8-4418-B6B8-29BD21871BB7}.Release|x64.Build.0 = Release|x64
		{C87601B7-92A8-4418-B6B8-29BD21871BB7}.Release|x86.ActiveCfg = Release|Win32
		{C87601B7-92A8-4418-B6B8-29BD21871BB7}.Release|x86.Build.0 = Release|Win32
		{2E636C66-AAF6-4509-B030-91CAC5365D77}.Debug|x64.ActiveCfg = Debug|x64
		{2E636C66-AAF6-4509-B030-91CAC5365D77}.Debug|x64.Build.0 = Debug|x64
		{2E636C66-AAF6-4509-B030-91CAC5365D77}.Debug|x86.ActiveCfg = Debug|Win32
		{2E636C66-AAF6-4509-B030-91CAC5365D77}.Debug|x86.Build.0 = Debug|Win32
		{2E636C66-AAF6-4509-B030-91CAC5365D77}.Release|x64.ActiveCfg = Release|x64
		{2E636C66-AAF6-4509-B030-91CAC5365D77}.Release|x64.Build.0 = Release|x64
		{2E636C66-AAF6-4509-B030-91CAC5365D77}.Release|x86.ActiveCfg = Release|Win32
		{2E636C66-AAF6-4509-B030-91CAC5365D77}.Release|x86.Build.0 = Release|Win32
		{26420B4F-7FEA-417B-9489-2F8A6BE56930}.Debug|x64.ActiveCfg = Debug|x64
		{26420B4F-7FEA-417B-9489-2F8A6BE56930}.Debug|x64.Build.0 = Debug|x64
		{26420B4F-7FEA-417B-9489-2F8A6BE56930}.Debug|x86.ActiveCfg = Debug|Win32
		{26420B4F-7FEA-417B-9489-2F8A6BE56930}.Debug|x86.Build.0 = Debug|Win32
		{26420B4F-7FEA-417B-9489-2F8A6BE56930}.Release|x64.ActiveCfg = Release|x64
		{26420B4F-7FEA-417B-9489-2F8A6BE56930}.Release|x64.Build.0 = Release|x64
		{26420B4F-7FEA-417B-9489-2F8A6BE56930}.Release|x86.ActiveCfg = Release|Win32
		{26420B4F-7FEA-417B-9489-2F8A6BE56930}.Release|x86.Build.0 = Release|Win32
		{198AF56C-8B56-4D2B-8A44-396FE5B36C2C}.Debug|x64.ActiveCfg = Debug|x64
		{198AF56C-8B56-4D2B-8A44-396FE5B36C2C}.Debug|x64.Build.0 = Debug|x64
		{198AF56C-8B56-4D2B-8A44-396FE5B36C2C}.Debug|x86.ActiveCfg = Debug|Win32
		{198AF56C-8B56-4D2B-8A44-396FE5B36C2C}.Debug|x86.Build.0 = Debug|Win32
		{198AF56C-8B56-4D2B-8A44-396FE5B36C2C}.Release|x64.ActiveCfg = Release|x64
		{198AF56C-8B56-4D2B-8A44-396FE5B36C2C}.Release|x64.Build.0 = Release|x64
		{198AF56C-8B56-4D2B-8A44-396FE5B36C2C}.Release|x86.ActiveCfg = Release|Win32
		{198AF56C-8B56-4D2B-8A44-396FE5B36C2C}.Release|x86.Build.0 = Release|Win32
		{C4ECE332-F8BB-4D4F-B06D-442BBB7C283B}.Debug|x64.ActiveCfg = Debug|x64
		{C4ECE332-F8BB-4D4F-B06D-442BBB7C283B}.Debug|x64.Build.0 = Debug|x64
		{C4ECE332-F8BB-4D4F-B06D-442BBB7C283B}.Debug|x86.ActiveCfg = Debug|Win32
		{C4ECE332-F8BB-4D4F-B06D-442BBB7C283B}.Debug|x86.Build.0 = Debug|Win32
		{C4ECE332-F8BB-4D4F-B06D-442BBB7C283B}.Release|x64.ActiveCfg = Release|x64
		{C4ECE332-F8BB-4D4F-B06D-442BBB7C283B}.Release|x64.Build.0 = Release|x64
		{C4ECE332-F8BB-4D4F-B06D-442BBB7C283B}.Release|x86.ActiveCfg = Release|Win32
		{C4ECE332-F8BB-4D4F-B06D-442BBB7C283B}.Release|x86.Build.0 = Release|Win32
	EndGlobalSection
	GlobalSection(SolutionProperties) = preSolution
		HideSolutionNode = FALSE
	EndGlobalSection
	GlobalSection(ExtensibilityGlobals) = postSolution
		SolutionGuid = {55C873FE-9A36-453C-8479-92364539519F}
	EndGlobalSection
EndGlobal
